
Microsoft Visual Studio Solution File, Format Version 12.00
# Visual Studio Version 16
VisualStudioVersion = 16.0.28922.388
MinimumVisualStudioVersion = 10.0.40219.1
Project("{9A19103F-16F7-4668-BE54-9A1E7A4F7556}") = "CHI", "CHI\CHI.csproj", "{0E8CAB5B-5444-4C1F-BA62-5866C336AF68}"
EndProject
Project("{9A19103F-16F7-4668-BE54-9A1E7A4F7556}") = "CHI.Licensing", "CHI.Licensing\CHI.Licensing.csproj", "{06EB2387-CE19-44EC-94F3-BA7E0EA978CB}"
	ProjectSection(ProjectDependencies) = postProject
		{0E8CAB5B-5444-4C1F-BA62-5866C336AF68} = {0E8CAB5B-5444-4C1F-BA62-5866C336AF68}
	EndProjectSection
EndProject
Global
	GlobalSection(SolutionConfigurationPlatforms) = preSolution
		Debug|Any CPU = Debug|Any CPU
		Debug|x86 = Debug|x86
		Release|Any CPU = Release|Any CPU
		Release|x86 = Release|x86
	EndGlobalSection
	GlobalSection(ProjectConfigurationPlatforms) = postSolution
		{0E8CAB5B-5444-4C1F-BA62-5866C336AF68}.Debug|Any CPU.ActiveCfg = Debug|Any CPU
		{0E8CAB5B-5444-4C1F-BA62-5866C336AF68}.Debug|Any CPU.Build.0 = Debug|Any CPU
		{0E8CAB5B-5444-4C1F-BA62-5866C336AF68}.Debug|x86.ActiveCfg = Debug|Any CPU
		{0E8CAB5B-5444-4C1F-BA62-5866C336AF68}.Debug|x86.Build.0 = Debug|Any CPU
		{0E8CAB5B-5444-4C1F-BA62-5866C336AF68}.Release|Any CPU.ActiveCfg = Release|Any CPU
		{0E8CAB5B-5444-4C1F-BA62-5866C336AF68}.Release|Any CPU.Build.0 = Release|Any CPU
		{0E8CAB5B-5444-4C1F-BA62-5866C336AF68}.Release|x86.ActiveCfg = Release|Any CPU
		{0E8CAB5B-5444-4C1F-BA62-5866C336AF68}.Release|x86.Build.0 = Release|Any CPU
		{06EB2387-CE19-44EC-94F3-BA7E0EA978CB}.Debug|Any CPU.ActiveCfg = Debug|Any CPU
		{06EB2387-CE19-44EC-94F3-BA7E0EA978CB}.Debug|Any CPU.Build.0 = Debug|Any CPU
		{06EB2387-CE19-44EC-94F3-BA7E0EA978CB}.Debug|x86.ActiveCfg = Debug|Any CPU
		{06EB2387-CE19-44EC-94F3-BA7E0EA978CB}.Debug|x86.Build.0 = Debug|Any CPU
		{06EB2387-CE19-44EC-94F3-BA7E0EA978CB}.Release|Any CPU.ActiveCfg = Release|Any CPU
		{06EB2387-CE19-44EC-94F3-BA7E0EA978CB}.Release|Any CPU.Build.0 = Release|Any CPU
		{06EB2387-CE19-44EC-94F3-BA7E0EA978CB}.Release|x86.ActiveCfg = Release|Any CPU
		{06EB2387-CE19-44EC-94F3-BA7E0EA978CB}.Release|x86.Build.0 = Release|Any CPU
	EndGlobalSection
	GlobalSection(SolutionProperties) = preSolution
		HideSolutionNode = FALSE
	EndGlobalSection
	GlobalSection(ExtensibilityGlobals) = postSolution
		SolutionGuid = {30928460-14C7-4959-8904-DED47AA1CB08}
	EndGlobalSection
EndGlobal
